
Microsoft Visual Studio Solution File, Format Version 12.00
# Visual Studio Version 16
VisualStudioVersion = 16.0.30225.117
MinimumVisualStudioVersion = 10.0.40219.1
Project("{FAE04EC0-301F-11D3-BF4B-00C04F79EFBC}") = "EX_08", "EX_08.csproj", "{4105106B-AE96-4337-B022-C691438BCE8E}"
EndProject
Global
	GlobalSection(SolutionConfigurationPlatforms) = preSolution
		Debug|Any CPU = Debug|Any CPU
		Release|Any CPU = Release|Any CPU
	EndGlobalSection
	GlobalSection(ProjectConfigurationPlatforms) = postSolution
		{4105106B-AE96-4337-B022-C691438BCE8E}.Debug|Any CPU.ActiveCfg = Debug|Any CPU
		{4105106B-AE96-4337-B022-C691438BCE8E}.Debug|Any CPU.Build.0 = Debug|Any CPU
		{4105106B-AE96-4337-B022-C691438BCE8E}.Release|Any CPU.ActiveCfg = Release|Any CPU
		{4105106B-AE96-4337-B022-C691438BCE8E}.Release|Any CPU.Build.0 = Release|Any CPU
	EndGlobalSection
	GlobalSection(SolutionProperties) = preSolution
		HideSolutionNode = FALSE
	EndGlobalSection
	GlobalSection(ExtensibilityGlobals) = postSolution
		SolutionGuid = {ECE314BB-2E0B-4622-9FFB-3E6B16A1FB41}
	EndGlobalSection
EndGlobal
