
Microsoft Visual Studio Solution File, Format Version 12.00
# Visual Studio Version 16
VisualStudioVersion = 16.0.30225.117
MinimumVisualStudioVersion = 10.0.40219.1
Project("{FAE04EC0-301F-11D3-BF4B-00C04F79EFBC}") = "EX_03", "EX_03.csproj", "{1D7F0BF9-CF2F-40C8-95BB-77BF92ACD5EF}"
EndProject
Global
	GlobalSection(SolutionConfigurationPlatforms) = preSolution
		Debug|Any CPU = Debug|Any CPU
		Release|Any CPU = Release|Any CPU
	EndGlobalSection
	GlobalSection(ProjectConfigurationPlatforms) = postSolution
		{1D7F0BF9-CF2F-40C8-95BB-77BF92ACD5EF}.Debug|Any CPU.ActiveCfg = Debug|Any CPU
		{1D7F0BF9-CF2F-40C8-95BB-77BF92ACD5EF}.Debug|Any CPU.Build.0 = Debug|Any CPU
		{1D7F0BF9-CF2F-40C8-95BB-77BF92ACD5EF}.Release|Any CPU.ActiveCfg = Release|Any CPU
		{1D7F0BF9-CF2F-40C8-95BB-77BF92ACD5EF}.Release|Any CPU.Build.0 = Release|Any CPU
	EndGlobalSection
	GlobalSection(SolutionProperties) = preSolution
		HideSolutionNode = FALSE
	EndGlobalSection
	GlobalSection(ExtensibilityGlobals) = postSolution
		SolutionGuid = {BABB6341-E994-49C5-951A-E79F492BE585}
	EndGlobalSection
EndGlobal
