
Microsoft Visual Studio Solution File, Format Version 12.00
# Visual Studio Version 16
VisualStudioVersion = 16.0.30225.117
MinimumVisualStudioVersion = 10.0.40219.1
Project("{FAE04EC0-301F-11D3-BF4B-00C04F79EFBC}") = "Milestone1", "Milestone1.csproj", "{09380D6E-5556-4223-AD80-BF7E59318E21}"
EndProject
Global
	GlobalSection(SolutionConfigurationPlatforms) = preSolution
		Debug|Any CPU = Debug|Any CPU
		Release|Any CPU = Release|Any CPU
	EndGlobalSection
	GlobalSection(ProjectConfigurationPlatforms) = postSolution
		{09380D6E-5556-4223-AD80-BF7E59318E21}.Debug|Any CPU.ActiveCfg = Debug|Any CPU
		{09380D6E-5556-4223-AD80-BF7E59318E21}.Debug|Any CPU.Build.0 = Debug|Any CPU
		{09380D6E-5556-4223-AD80-BF7E59318E21}.Release|Any CPU.ActiveCfg = Release|Any CPU
		{09380D6E-5556-4223-AD80-BF7E59318E21}.Release|Any CPU.Build.0 = Release|Any CPU
	EndGlobalSection
	GlobalSection(SolutionProperties) = preSolution
		HideSolutionNode = FALSE
	EndGlobalSection
	GlobalSection(ExtensibilityGlobals) = postSolution
		SolutionGuid = {98D0ECCF-1545-486C-B335-73F8C354C479}
	EndGlobalSection
EndGlobal
